hash: f0cf953f04e351d76016d0d969cea7849d262454404c25646d394d7c92a30f40
updated: 2016-05-19T19:54:21.711108768Z
imports:
- name: github.com/akrennmair/goconf
  version: c6367f3454b878fac129755a155b43a35fa992a6
- name: github.com/lib/pq
  version: ee1442bda7bd1b6a84e913bdb421cb1874ec629d
  subpackages:
  - oid
- name: github.com/patrickmn/go-cache
  version: 1881a9bccb818787f68c52bfba648c6cf34c34fa
- name: golang.org/x/crypto
  version: 5bcd134fee4dd1475da17714aac19c0aa0142e2f
  subpackages:
  - blowfish
devImports: []
