# This file is autogenerated, do not edit; changes may be undone by the next 'dep ensure'.


[[projects]]
  name = "github.com/Sirupsen/logrus"
  packages = ["."]
  revision = "10f801ebc38b33738c9d17d50860f484a0988ff5"

[[projects]]
  name = "github.com/lib/pq"
  packages = [
    ".",
    "oid"
  ]
  revision = "ee1442bda7bd1b6a84e913bdb421cb1874ec629d"

[[projects]]
  name = "github.com/marpaia/graphite-golang"
  packages = ["."]
  revision = "c474c9b821b4d0a4574edc6412b0003fbce233c4"

[[projects]]
  name = "github.com/patrickmn/go-cache"
  packages = ["."]
  revision = "1881a9bccb818787f68c52bfba648c6cf34c34fa"
  version = "v2.0.0"

[[projects]]
  name = "github.com/urfave/cli"
  packages = ["."]
  revision = "f1be59ff3d239f0942b201619030d302bce912cc"

[[projects]]
  name = "golang.org/x/crypto"
  packages = ["blowfish"]
  revision = "5bcd134fee4dd1475da17714aac19c0aa0142e2f"

[[projects]]
  name = "golang.org/x/sys"
  packages = ["unix"]
  revision = "ea9bcade75cb975a0b9738936568ab388b845617"

[solve-meta]
  analyzer-name = "dep"
  analyzer-version = 1
  inputs-digest = "01f3ac2a501a294a7dafe2a3fcbb8e3a33e1b0a303500386a91909a95a5e0f70"
  solver-name = "gps-cdcl"
  solver-version = 1
